
Microsoft Visual Studio Solution File, Format Version 12.00
# Visual Studio Version 16
VisualStudioVersion = 16.0.29709.97
MinimumVisualStudioVersion = 10.0.40219.1
Project("{2150E333-8FDC-42A3-9474-1A3956D46DE8}") = "Legacy", "Legacy", "{52E0277D-0F4A-47FB-980E-830FDBCC42E8}"
EndProject
Project("{FAE04EC0-301F-11D3-BF4B-00C04F79EFBC}") = "WPF.NetFramework.DesktopCompat", "WPF.NetFramework.DesktopCompat\WPF.NetFramework.DesktopCompat.csproj", "{85B9B3A4-F6C9-4D16-A6A6-D096FE784BFC}"
EndProject
Project("{C7167F0D-BC9F-4E6E-AFE1-012C56B48DB5}") = "WPF.NetFramework.DesktopCompat.PackageProject", "WPF.NetFramework.DesktopCompat.PackageProject\WPF.NetFramework.DesktopCompat.PackageProject.wapproj", "{FC77102B-6837-412D-9099-3F9DF5E73D75}"
EndProject
Project("{930C7802-8A8C-48F9-8165-68863BCCD9DD}") = "WPF.NetFramework.DesktopCompat.SetupProject", "WPF.NetFramework.DesktopCompat.SetupProject\WPF.NetFramework.DesktopCompat.SetupProject.wixproj", "{6592E67D-A611-4643-B73F-3F1A7C1C5F50}"
EndProject
Project("{FAE04EC0-301F-11D3-BF4B-00C04F79EFBC}") = "WPF.NetCore.DesktopCompat", "WPF.NetCore.DesktopCompat\WPF.NetCore.DesktopCompat.csproj", "{91418F88-D155-4C75-9F24-A894B94CB459}"
EndProject
Project("{C7167F0D-BC9F-4E6E-AFE1-012C56B48DB5}") = "WPF.NetCore.DesktopCompat.PackageProject", "WPF.NetCore.DesktopCompat.PackageProject\WPF.NetCore.DesktopCompat.PackageProject.wapproj", "{A47BCAA0-A55F-4716-9363-483A8F519024}"
EndProject
Project("{930C7802-8A8C-48F9-8165-68863BCCD9DD}") = "WPF.NetCore.DesktopCompat.SetupProject", "WPF.NetCore.DesktopCompat.SetupProject\WPF.NetCore.DesktopCompat.SetupProject.wixproj", "{EC91AC31-038B-412D-8E03-CC859A736E67}"
EndProject
Project("{FAE04EC0-301F-11D3-BF4B-00C04F79EFBC}") = "WPF.NetCore.ToastCompat", "WPF.NetCore.ToastCompat\WPF.NetCore.ToastCompat.csproj", "{F11857E3-35A8-427B-8C7B-E29A5150D444}"
EndProject
Project("{C7167F0D-BC9F-4E6E-AFE1-012C56B48DB5}") = "WPF.NetCore.ToastCompat.PackageProject", "WPF.NetCore.ToastCompat.PackageProject\WPF.NetCore.ToastCompat.PackageProject.wapproj", "{71BA8C53-9CEA-4EED-A7E4-A9FFC3ADB7E2}"
EndProject
Project("{FAE04EC0-301F-11D3-BF4B-00C04F79EFBC}") = "WPF.NetFramework.ToastCompat", "WPF.NetFramework.ToastCompat\WPF.NetFramework.ToastCompat.csproj", "{21DB7C07-3B6B-4296-836A-E259BAC47F9C}"
EndProject
Project("{C7167F0D-BC9F-4E6E-AFE1-012C56B48DB5}") = "WPF.NetFramework.ToastCompat.PackageProject", "WPF.NetFramework.ToastCompat.PackageProject\WPF.NetFramework.ToastCompat.PackageProject.wapproj", "{A2A702D1-8099-4402-99B6-E01F753CA93F}"
EndProject
Project("{FAE04EC0-301F-11D3-BF4B-00C04F79EFBC}") = "UWP.ToastCompat", "UWP.ToastCompat\UWP.ToastCompat.csproj", "{9B26E416-2216-4281-A6E0-B514ADC52C1D}"
EndProject
Global
	GlobalSection(SolutionConfigurationPlatforms) = preSolution
		Debug|Any CPU = Debug|Any CPU
		Debug|ARM = Debug|ARM
		Debug|ARM64 = Debug|ARM64
		Debug|x64 = Debug|x64
		Debug|x86 = Debug|x86
		Release|Any CPU = Release|Any CPU
		Release|ARM = Release|ARM
		Release|ARM64 = Release|ARM64
		Release|x64 = Release|x64
		Release|x86 = Release|x86
	EndGlobalSection
	GlobalSection(ProjectConfigurationPlatforms) = postSolution
		{85B9B3A4-F6C9-4D16-A6A6-D096FE784BFC}.Debug|Any CPU.ActiveCfg = Debug|Any CPU
		{85B9B3A4-F6C9-4D16-A6A6-D096FE784BFC}.Debug|Any CPU.Build.0 = Debug|Any CPU
		{85B9B3A4-F6C9-4D16-A6A6-D096FE784BFC}.Debug|ARM.ActiveCfg = Debug|Any CPU
		{85B9B3A4-F6C9-4D16-A6A6-D096FE784BFC}.Debug|ARM.Build.0 = Debug|Any CPU
		{85B9B3A4-F6C9-4D16-A6A6-D096FE784BFC}.Debug|ARM64.ActiveCfg = Debug|Any CPU
		{85B9B3A4-F6C9-4D16-A6A6-D096FE784BFC}.Debug|ARM64.Build.0 = Debug|Any CPU
		{85B9B3A4-F6C9-4D16-A6A6-D096FE784BFC}.Debug|x64.ActiveCfg = Debug|Any CPU
		{85B9B3A4-F6C9-4D16-A6A6-D096FE784BFC}.Debug|x64.Build.0 = Debug|Any CPU
		{85B9B3A4-F6C9-4D16-A6A6-D096FE784BFC}.Debug|x86.ActiveCfg = Debug|Any CPU
		{85B9B3A4-F6C9-4D16-A6A6-D096FE784BFC}.Debug|x86.Build.0 = Debug|Any CPU
		{85B9B3A4-F6C9-4D16-A6A6-D096FE784BFC}.Release|Any CPU.ActiveCfg = Release|Any CPU
		{85B9B3A4-F6C9-4D16-A6A6-D096FE784BFC}.Release|Any CPU.Build.0 = Release|Any CPU
		{85B9B3A4-F6C9-4D16-A6A6-D096FE784BFC}.Release|ARM.ActiveCfg = Release|Any CPU
		{85B9B3A4-F6C9-4D16-A6A6-D096FE784BFC}.Release|ARM.Build.0 = Release|Any CPU
		{85B9B3A4-F6C9-4D16-A6A6-D096FE784BFC}.Release|ARM64.ActiveCfg = Release|Any CPU
		{85B9B3A4-F6C9-4D16-A6A6-D096FE784BFC}.Release|ARM64.Build.0 = Release|Any CPU
		{85B9B3A4-F6C9-4D16-A6A6-D096FE784BFC}.Release|x64.ActiveCfg = Release|Any CPU
		{85B9B3A4-F6C9-4D16-A6A6-D096FE784BFC}.Release|x64.Build.0 = Release|Any CPU
		{85B9B3A4-F6C9-4D16-A6A6-D096FE784BFC}.Release|x86.ActiveCfg = Release|Any CPU
		{85B9B3A4-F6C9-4D16-A6A6-D096FE784BFC}.Release|x86.Build.0 = Release|Any CPU
		{FC77102B-6837-412D-9099-3F9DF5E73D75}.Debug|Any CPU.ActiveCfg = Debug|Any CPU
		{FC77102B-6837-412D-9099-3F9DF5E73D75}.Debug|Any CPU.Build.0 = Debug|Any CPU
		{FC77102B-6837-412D-9099-3F9DF5E73D75}.Debug|Any CPU.Deploy.0 = Debug|Any CPU
		{FC77102B-6837-412D-9099-3F9DF5E73D75}.Debug|ARM.ActiveCfg = Debug|Any CPU
		{FC77102B-6837-412D-9099-3F9DF5E73D75}.Debug|ARM.Build.0 = Debug|Any CPU
		{FC77102B-6837-412D-9099-3F9DF5E73D75}.Debug|ARM.Deploy.0 = Debug|Any CPU
		{FC77102B-6837-412D-9099-3F9DF5E73D75}.Debug|ARM64.ActiveCfg = Debug|Any CPU
		{FC77102B-6837-412D-9099-3F9DF5E73D75}.Debug|ARM64.Build.0 = Debug|Any CPU
		{FC77102B-6837-412D-9099-3F9DF5E73D75}.Debug|ARM64.Deploy.0 = Debug|Any CPU
		{FC77102B-6837-412D-9099-3F9DF5E73D75}.Debug|x64.ActiveCfg = Debug|x64
		{FC77102B-6837-412D-9099-3F9DF5E73D75}.Debug|x64.Build.0 = Debug|x64
		{FC77102B-6837-412D-9099-3F9DF5E73D75}.Debug|x64.Deploy.0 = Debug|x64
		{FC77102B-6837-412D-9099-3F9DF5E73D75}.Debug|x86.ActiveCfg = Debug|x86
		{FC77102B-6837-412D-9099-3F9DF5E73D75}.Debug|x86.Build.0 = Debug|x86
		{FC77102B-6837-412D-9099-3F9DF5E73D75}.Debug|x86.Deploy.0 = Debug|x86
		{FC77102B-6837-412D-9099-3F9DF5E73D75}.Release|Any CPU.ActiveCfg = Release|Any CPU
		{FC77102B-6837-412D-9099-3F9DF5E73D75}.Release|Any CPU.Build.0 = Release|Any CPU
		{FC77102B-6837-412D-9099-3F9DF5E73D75}.Release|Any CPU.Deploy.0 = Release|Any CPU
		{FC77102B-6837-412D-9099-3F9DF5E73D75}.Release|ARM.ActiveCfg = Release|Any CPU
		{FC77102B-6837-412D-9099-3F9DF5E73D75}.Release|ARM.Build.0 = Release|Any CPU
		{FC77102B-6837-412D-9099-3F9DF5E73D75}.Release|ARM.Deploy.0 = Release|Any CPU
		{FC77102B-6837-412D-9099-3F9DF5E73D75}.Release|ARM64.ActiveCfg = Release|Any CPU
		{FC77102B-6837-412D-9099-3F9DF5E73D75}.Release|ARM64.Build.0 = Release|Any CPU
		{FC77102B-6837-412D-9099-3F9DF5E73D75}.Release|ARM64.Deploy.0 = Release|Any CPU
		{FC77102B-6837-412D-9099-3F9DF5E73D75}.Release|x64.ActiveCfg = Release|x64
		{FC77102B-6837-412D-9099-3F9DF5E73D75}.Release|x64.Build.0 = Release|x64
		{FC77102B-6837-412D-9099-3F9DF5E73D75}.Release|x64.Deploy.0 = Release|x64
		{FC77102B-6837-412D-9099-3F9DF5E73D75}.Release|x86.ActiveCfg = Release|x86
		{FC77102B-6837-412D-9099-3F9DF5E73D75}.Release|x86.Build.0 = Release|x86
		{FC77102B-6837-412D-9099-3F9DF5E73D75}.Release|x86.Deploy.0 = Release|x86
		{6592E67D-A611-4643-B73F-3F1A7C1C5F50}.Debug|Any CPU.ActiveCfg = Debug|x86
		{6592E67D-A611-4643-B73F-3F1A7C1C5F50}.Debug|ARM.ActiveCfg = Debug|x86
		{6592E67D-A611-4643-B73F-3F1A7C1C5F50}.Debug|ARM64.ActiveCfg = Debug|x86
		{6592E67D-A611-4643-B73F-3F1A7C1C5F50}.Debug|x64.ActiveCfg = Debug|x86
		{6592E67D-A611-4643-B73F-3F1A7C1C5F50}.Debug|x86.ActiveCfg = Debug|x86
		{6592E67D-A611-4643-B73F-3F1A7C1C5F50}.Debug|x86.Build.0 = Debug|x86
		{6592E67D-A611-4643-B73F-3F1A7C1C5F50}.Release|Any CPU.ActiveCfg = Release|x86
		{6592E67D-A611-4643-B73F-3F1A7C1C5F50}.Release|ARM.ActiveCfg = Release|x86
		{6592E67D-A611-4643-B73F-3F1A7C1C5F50}.Release|ARM64.ActiveCfg = Release|x86
		{6592E67D-A611-4643-B73F-3F1A7C1C5F50}.Release|x64.ActiveCfg = Release|x86
		{6592E67D-A611-4643-B73F-3F1A7C1C5F50}.Release|x86.ActiveCfg = Release|x86
		{6592E67D-A611-4643-B73F-3F1A7C1C5F50}.Release|x86.Build.0 = Release|x86
		{91418F88-D155-4C75-9F24-A894B94CB459}.Debug|Any CPU.ActiveCfg = Debug|Any CPU
		{91418F88-D155-4C75-9F24-A894B94CB459}.Debug|Any CPU.Build.0 = Debug|Any CPU
		{91418F88-D155-4C75-9F24-A894B94CB459}.Debug|ARM.ActiveCfg = Debug|Any CPU
		{91418F88-D155-4C75-9F24-A894B94CB459}.Debug|ARM.Build.0 = Debug|Any CPU
		{91418F88-D155-4C75-9F24-A894B94CB459}.Debug|ARM64.ActiveCfg = Debug|Any CPU
		{91418F88-D155-4C75-9F24-A894B94CB459}.Debug|ARM64.Build.0 = Debug|Any CPU
		{91418F88-D155-4C75-9F24-A894B94CB459}.Debug|x64.ActiveCfg = Debug|Any CPU
		{91418F88-D155-4C75-9F24-A894B94CB459}.Debug|x64.Build.0 = Debug|Any CPU
		{91418F88-D155-4C75-9F24-A894B94CB459}.Debug|x86.ActiveCfg = Debug|Any CPU
		{91418F88-D155-4C75-9F24-A894B94CB459}.Debug|x86.Build.0 = Debug|Any CPU
		{91418F88-D155-4C75-9F24-A894B94CB459}.Release|Any CPU.ActiveCfg = Release|Any CPU
		{91418F88-D155-4C75-9F24-A894B94CB459}.Release|Any CPU.Build.0 = Release|Any CPU
		{91418F88-D155-4C75-9F24-A894B94CB459}.Release|ARM.ActiveCfg = Release|Any CPU
		{91418F88-D155-4C75-9F24-A894B94CB459}.Release|ARM.Build.0 = Release|Any CPU
		{91418F88-D155-4C75-9F24-A894B94CB459}.Release|ARM64.ActiveCfg = Release|Any CPU
		{91418F88-D155-4C75-9F24-A894B94CB459}.Release|ARM64.Build.0 = Release|Any CPU
		{91418F88-D155-4C75-9F24-A894B94CB459}.Release|x64.ActiveCfg = Release|Any CPU
		{91418F88-D155-4C75-9F24-A894B94CB459}.Release|x64.Build.0 = Release|Any CPU
		{91418F88-D155-4C75-9F24-A894B94CB459}.Release|x86.ActiveCfg = Release|Any CPU
		{91418F88-D155-4C75-9F24-A894B94CB459}.Release|x86.Build.0 = Release|Any CPU
		{A47BCAA0-A55F-4716-9363-483A8F519024}.Debug|Any CPU.ActiveCfg = Debug|Any CPU
		{A47BCAA0-A55F-4716-9363-483A8F519024}.Debug|Any CPU.Build.0 = Debug|Any CPU
		{A47BCAA0-A55F-4716-9363-483A8F519024}.Debug|Any CPU.Deploy.0 = Debug|Any CPU
		{A47BCAA0-A55F-4716-9363-483A8F519024}.Debug|ARM.ActiveCfg = Debug|ARM
		{A47BCAA0-A55F-4716-9363-483A8F519024}.Debug|ARM.Build.0 = Debug|ARM
		{A47BCAA0-A55F-4716-9363-483A8F519024}.Debug|ARM.Deploy.0 = Debug|ARM
		{A47BCAA0-A55F-4716-9363-483A8F519024}.Debug|ARM64.ActiveCfg = Debug|ARM64
		{A47BCAA0-A55F-4716-9363-483A8F519024}.Debug|ARM64.Build.0 = Debug|ARM64
		{A47BCAA0-A55F-4716-9363-483A8F519024}.Debug|ARM64.Deploy.0 = Debug|ARM64
		{A47BCAA0-A55F-4716-9363-483A8F519024}.Debug|x64.ActiveCfg = Debug|x64
		{A47BCAA0-A55F-4716-9363-483A8F519024}.Debug|x64.Build.0 = Debug|x64
		{A47BCAA0-A55F-4716-9363-483A8F519024}.Debug|x64.Deploy.0 = Debug|x64
		{A47BCAA0-A55F-4716-9363-483A8F519024}.Debug|x86.ActiveCfg = Debug|x86
		{A47BCAA0-A55F-4716-9363-483A8F519024}.Debug|x86.Build.0 = Debug|x86
		{A47BCAA0-A55F-4716-9363-483A8F519024}.Debug|x86.Deploy.0 = Debug|x86
		{A47BCAA0-A55F-4716-9363-483A8F519024}.Release|Any CPU.ActiveCfg = Release|Any CPU
		{A47BCAA0-A55F-4716-9363-483A8F519024}.Release|Any CPU.Build.0 = Release|Any CPU
		{A47BCAA0-A55F-4716-9363-483A8F519024}.Release|Any CPU.Deploy.0 = Release|Any CPU
		{A47BCAA0-A55F-4716-9363-483A8F519024}.Release|ARM.ActiveCfg = Release|ARM
		{A47BCAA0-A55F-4716-9363-483A8F519024}.Release|ARM.Build.0 = Release|ARM
		{A47BCAA0-A55F-4716-9363-483A8F519024}.Release|ARM.Deploy.0 = Release|ARM
		{A47BCAA0-A55F-4716-9363-483A8F519024}.Release|ARM64.ActiveCfg = Release|ARM64
		{A47BCAA0-A55F-4716-9363-483A8F519024}.Release|ARM64.Build.0 = Release|ARM64
		{A47BCAA0-A55F-4716-9363-483A8F519024}.Release|ARM64.Deploy.0 = Release|ARM64
		{A47BCAA0-A55F-4716-9363-483A8F519024}.Release|x64.ActiveCfg = Release|x64
		{A47BCAA0-A55F-4716-9363-483A8F519024}.Release|x64.Build.0 = Release|x64
		{A47BCAA0-A55F-4716-9363-483A8F519024}.Release|x64.Deploy.0 = Release|x64
		{A47BCAA0-A55F-4716-9363-483A8F519024}.Release|x86.ActiveCfg = Release|x86
		{A47BCAA0-A55F-4716-9363-483A8F519024}.Release|x86.Build.0 = Release|x86
		{A47BCAA0-A55F-4716-9363-483A8F519024}.Release|x86.Deploy.0 = Release|x86
		{EC91AC31-038B-412D-8E03-CC859A736E67}.Debug|Any CPU.ActiveCfg = Debug|x86
		{EC91AC31-038B-412D-8E03-CC859A736E67}.Debug|ARM.ActiveCfg = Debug|x86
		{EC91AC31-038B-412D-8E03-CC859A736E67}.Debug|ARM64.ActiveCfg = Debug|x86
		{EC91AC31-038B-412D-8E03-CC859A736E67}.Debug|x64.ActiveCfg = Debug|x86
		{EC91AC31-038B-412D-8E03-CC859A736E67}.Debug|x86.ActiveCfg = Debug|x86
		{EC91AC31-038B-412D-8E03-CC859A736E67}.Debug|x86.Build.0 = Debug|x86
		{EC91AC31-038B-412D-8E03-CC859A736E67}.Release|Any CPU.ActiveCfg = Release|x86
		{EC91AC31-038B-412D-8E03-CC859A736E67}.Release|ARM.ActiveCfg = Release|x86
		{EC91AC31-038B-412D-8E03-CC859A736E67}.Release|ARM64.ActiveCfg = Release|x86
		{EC91AC31-038B-412D-8E03-CC859A736E67}.Release|x64.ActiveCfg = Release|x86
		{EC91AC31-038B-412D-8E03-CC859A736E67}.Release|x86.ActiveCfg = Release|x86
		{EC91AC31-038B-412D-8E03-CC859A736E67}.Release|x86.Build.0 = Release|x86
		{F11857E3-35A8-427B-8C7B-E29A5150D444}.Debug|Any CPU.ActiveCfg = Debug|Any CPU
		{F11857E3-35A8-427B-8C7B-E29A5150D444}.Debug|Any CPU.Build.0 = Debug|Any CPU
		{F11857E3-35A8-427B-8C7B-E29A5150D444}.Debug|ARM.ActiveCfg = Debug|Any CPU
		{F11857E3-35A8-427B-8C7B-E29A5150D444}.Debug|ARM.Build.0 = Debug|Any CPU
		{F11857E3-35A8-427B-8C7B-E29A5150D444}.Debug|ARM64.ActiveCfg = Debug|Any CPU
		{F11857E3-35A8-427B-8C7B-E29A5150D444}.Debug|ARM64.Build.0 = Debug|Any CPU
		{F11857E3-35A8-427B-8C7B-E29A5150D444}.Debug|x64.ActiveCfg = Debug|Any CPU
		{F11857E3-35A8-427B-8C7B-E29A5150D444}.Debug|x64.Build.0 = Debug|Any CPU
		{F11857E3-35A8-427B-8C7B-E29A5150D444}.Debug|x86.ActiveCfg = Debug|Any CPU
		{F11857E3-35A8-427B-8C7B-E29A5150D444}.Debug|x86.Build.0 = Debug|Any CPU
		{F11857E3-35A8-427B-8C7B-E29A5150D444}.Release|Any CPU.ActiveCfg = Release|Any CPU
		{F11857E3-35A8-427B-8C7B-E29A5150D444}.Release|Any CPU.Build.0 = Release|Any CPU
		{F11857E3-35A8-427B-8C7B-E29A5150D444}.Release|ARM.ActiveCfg = Release|Any CPU
		{F11857E3-35A8-427B-8C7B-E29A5150D444}.Release|ARM.Build.0 = Release|Any CPU
		{F11857E3-35A8-427B-8C7B-E29A5150D444}.Release|ARM64.ActiveCfg = Release|Any CPU
		{F11857E3-35A8-427B-8C7B-E29A5150D444}.Release|ARM64.Build.0 = Release|Any CPU
		{F11857E3-35A8-427B-8C7B-E29A5150D444}.Release|x64.ActiveCfg = Release|Any CPU
		{F11857E3-35A8-427B-8C7B-E29A5150D444}.Release|x64.Build.0 = Release|Any CPU
		{F11857E3-35A8-427B-8C7B-E29A5150D444}.Release|x86.ActiveCfg = Release|Any CPU
		{F11857E3-35A8-427B-8C7B-E29A5150D444}.Release|x86.Build.0 = Release|Any CPU
		{71BA8C53-9CEA-4EED-A7E4-A9FFC3ADB7E2}.Debug|Any CPU.ActiveCfg = Debug|Any CPU
		{71BA8C53-9CEA-4EED-A7E4-A9FFC3ADB7E2}.Debug|Any CPU.Build.0 = Debug|Any CPU
		{71BA8C53-9CEA-4EED-A7E4-A9FFC3ADB7E2}.Debug|Any CPU.Deploy.0 = Debug|Any CPU
		{71BA8C53-9CEA-4EED-A7E4-A9FFC3ADB7E2}.Debug|ARM.ActiveCfg = Debug|ARM
		{71BA8C53-9CEA-4EED-A7E4-A9FFC3ADB7E2}.Debug|ARM.Build.0 = Debug|ARM
		{71BA8C53-9CEA-4EED-A7E4-A9FFC3ADB7E2}.Debug|ARM.Deploy.0 = Debug|ARM
		{71BA8C53-9CEA-4EED-A7E4-A9FFC3ADB7E2}.Debug|ARM64.ActiveCfg = Debug|ARM64
		{71BA8C53-9CEA-4EED-A7E4-A9FFC3ADB7E2}.Debug|ARM64.Build.0 = Debug|ARM64
		{71BA8C53-9CEA-4EED-A7E4-A9FFC3ADB7E2}.Debug|ARM64.Deploy.0 = Debug|ARM64
		{71BA8C53-9CEA-4EED-A7E4-A9FFC3ADB7E2}.Debug|x64.ActiveCfg = Debug|x64
		{71BA8C53-9CEA-4EED-A7E4-A9FFC3ADB7E2}.Debug|x64.Build.0 = Debug|x64
		{71BA8C53-9CEA-4EED-A7E4-A9FFC3ADB7E2}.Debug|x64.Deploy.0 = Debug|x64
		{71BA8C53-9CEA-4EED-A7E4-A9FFC3ADB7E2}.Debug|x86.ActiveCfg = Debug|x86
		{71BA8C53-9CEA-4EED-A7E4-A9FFC3ADB7E2}.Debug|x86.Build.0 = Debug|x86
		{71BA8C53-9CEA-4EED-A7E4-A9FFC3ADB7E2}.Debug|x86.Deploy.0 = Debug|x86
		{71BA8C53-9CEA-4EED-A7E4-A9FFC3ADB7E2}.Release|Any CPU.ActiveCfg = Release|Any CPU
		{71BA8C53-9CEA-4EED-A7E4-A9FFC3ADB7E2}.Release|Any CPU.Build.0 = Release|Any CPU
		{71BA8C53-9CEA-4EED-A7E4-A9FFC3ADB7E2}.Release|Any CPU.Deploy.0 = Release|Any CPU
		{71BA8C53-9CEA-4EED-A7E4-A9FFC3ADB7E2}.Release|ARM.ActiveCfg = Release|ARM
		{71BA8C53-9CEA-4EED-A7E4-A9FFC3ADB7E2}.Release|ARM.Build.0 = Release|ARM
		{71BA8C53-9CEA-4EED-A7E4-A9FFC3ADB7E2}.Release|ARM.Deploy.0 = Release|ARM
		{71BA8C53-9CEA-4EED-A7E4-A9FFC3ADB7E2}.Release|ARM64.ActiveCfg = Release|ARM64
		{71BA8C53-9CEA-4EED-A7E4-A9FFC3ADB7E2}.Release|ARM64.Build.0 = Release|ARM64
		{71BA8C53-9CEA-4EED-A7E4-A9FFC3ADB7E2}.Release|ARM64.Deploy.0 = Release|ARM64
		{71BA8C53-9CEA-4EED-A7E4-A9FFC3ADB7E2}.Release|x64.ActiveCfg = Release|x64
		{71BA8C53-9CEA-4EED-A7E4-A9FFC3ADB7E2}.Release|x64.Build.0 = Release|x64
		{71BA8C53-9CEA-4EED-A7E4-A9FFC3ADB7E2}.Release|x64.Deploy.0 = Release|x64
		{71BA8C53-9CEA-4EED-A7E4-A9FFC3ADB7E2}.Release|x86.ActiveCfg = Release|x86
		{71BA8C53-9CEA-4EED-A7E4-A9FFC3ADB7E2}.Release|x86.Build.0 = Release|x86
		{71BA8C53-9CEA-4EED-A7E4-A9FFC3ADB7E2}.Release|x86.Deploy.0 = Release|x86
		{21DB7C07-3B6B-4296-836A-E259BAC47F9C}.Debug|Any CPU.ActiveCfg = Debug|Any CPU
		{21DB7C07-3B6B-4296-836A-E259BAC47F9C}.Debug|Any CPU.Build.0 = Debug|Any CPU
		{21DB7C07-3B6B-4296-836A-E259BAC47F9C}.Debug|ARM.ActiveCfg = Debug|Any CPU
		{21DB7C07-3B6B-4296-836A-E259BAC47F9C}.Debug|ARM.Build.0 = Debug|Any CPU
		{21DB7C07-3B6B-4296-836A-E259BAC47F9C}.Debug|ARM64.ActiveCfg = Debug|Any CPU
		{21DB7C07-3B6B-4296-836A-E259BAC47F9C}.Debug|ARM64.Build.0 = Debug|Any CPU
		{21DB7C07-3B6B-4296-836A-E259BAC47F9C}.Debug|x64.ActiveCfg = Debug|Any CPU
		{21DB7C07-3B6B-4296-836A-E259BAC47F9C}.Debug|x64.Build.0 = Debug|Any CPU
		{21DB7C07-3B6B-4296-836A-E259BAC47F9C}.Debug|x86.ActiveCfg = Debug|Any CPU
		{21DB7C07-3B6B-4296-836A-E259BAC47F9C}.Debug|x86.Build.0 = Debug|Any CPU
		{21DB7C07-3B6B-4296-836A-E259BAC47F9C}.Release|Any CPU.ActiveCfg = Release|Any CPU
		{21DB7C07-3B6B-4296-836A-E259BAC47F9C}.Release|Any CPU.Build.0 = Release|Any CPU
		{21DB7C07-3B6B-4296-836A-E259BAC47F9C}.Release|ARM.ActiveCfg = Release|Any CPU
		{21DB7C07-3B6B-4296-836A-E259BAC47F9C}.Release|ARM.Build.0 = Release|Any CPU
		{21DB7C07-3B6B-4296-836A-E259BAC47F9C}.Release|ARM64.ActiveCfg = Release|Any CPU
		{21DB7C07-3B6B-4296-836A-E259BAC47F9C}.Release|ARM64.Build.0 = Release|Any CPU
		{21DB7C07-3B6B-4296-836A-E259BAC47F9C}.Release|x64.ActiveCfg = Release|Any CPU
		{21DB7C07-3B6B-4296-836A-E259BAC47F9C}.Release|x64.Build.0 = Release|Any CPU
		{21DB7C07-3B6B-4296-836A-E259BAC47F9C}.Release|x86.ActiveCfg = Release|Any CPU
		{21DB7C07-3B6B-4296-836A-E259BAC47F9C}.Release|x86.Build.0 = Release|Any CPU
		{A2A702D1-8099-4402-99B6-E01F753CA93F}.Debug|Any CPU.ActiveCfg = Debug|Any CPU
		{A2A702D1-8099-4402-99B6-E01F753CA93F}.Debug|Any CPU.Build.0 = Debug|Any CPU
		{A2A702D1-8099-4402-99B6-E01F753CA93F}.Debug|Any CPU.Deploy.0 = Debug|Any CPU
		{A2A702D1-8099-4402-99B6-E01F753CA93F}.Debug|ARM.ActiveCfg = Debug|ARM
		{A2A702D1-8099-4402-99B6-E01F753CA93F}.Debug|ARM.Build.0 = Debug|ARM
		{A2A702D1-8099-4402-99B6-E01F753CA93F}.Debug|ARM.Deploy.0 = Debug|ARM
		{A2A702D1-8099-4402-99B6-E01F753CA93F}.Debug|ARM64.ActiveCfg = Debug|ARM64
		{A2A702D1-8099-4402-99B6-E01F753CA93F}.Debug|ARM64.Build.0 = Debug|ARM64
		{A2A702D1-8099-4402-99B6-E01F753CA93F}.Debug|ARM64.Deploy.0 = Debug|ARM64
		{A2A702D1-8099-4402-99B6-E01F753CA93F}.Debug|x64.ActiveCfg = Debug|x64
		{A2A702D1-8099-4402-99B6-E01F753CA93F}.Debug|x64.Build.0 = Debug|x64
		{A2A702D1-8099-4402-99B6-E01F753CA93F}.Debug|x64.Deploy.0 = Debug|x64
		{A2A702D1-8099-4402-99B6-E01F753CA93F}.Debug|x86.ActiveCfg = Debug|x86
		{A2A702D1-8099-4402-99B6-E01F753CA93F}.Debug|x86.Build.0 = Debug|x86
		{A2A702D1-8099-4402-99B6-E01F753CA93F}.Debug|x86.Deploy.0 = Debug|x86
		{A2A702D1-8099-4402-99B6-E01F753CA93F}.Release|Any CPU.ActiveCfg = Release|Any CPU
		{A2A702D1-8099-4402-99B6-E01F753CA93F}.Release|Any CPU.Build.0 = Release|Any CPU
		{A2A702D1-8099-4402-99B6-E01F753CA93F}.Release|Any CPU.Deploy.0 = Release|Any CPU
		{A2A702D1-8099-4402-99B6-E01F753CA93F}.Release|ARM.ActiveCfg = Release|ARM
		{A2A702D1-8099-4402-99B6-E01F753CA93F}.Release|ARM.Build.0 = Release|ARM
		{A2A702D1-8099-4402-99B6-E01F753CA93F}.Release|ARM.Deploy.0 = Release|ARM
		{A2A702D1-8099-4402-99B6-E01F753CA93F}.Release|ARM64.ActiveCfg = Release|ARM64
		{A2A702D1-8099-4402-99B6-E01F753CA93F}.Release|ARM64.Build.0 = Release|ARM64
		{A2A702D1-8099-4402-99B6-E01F753CA93F}.Release|ARM64.Deploy.0 = Release|ARM64
		{A2A702D1-8099-4402-99B6-E01F753CA93F}.Release|x64.ActiveCfg = Release|x64
		{A2A702D1-8099-4402-99B6-E01F753CA93F}.Release|x64.Build.0 = Release|x64
		{A2A702D1-8099-4402-99B6-E01F753CA93F}.Release|x64.Deploy.0 = Release|x64
		{A2A702D1-8099-4402-99B6-E01F753CA93F}.Release|x86.ActiveCfg = Release|x86
		{A2A702D1-8099-4402-99B6-E01F753CA93F}.Release|x86.Build.0 = Release|x86
		{A2A702D1-8099-4402-99B6-E01F753CA93F}.Release|x86.Deploy.0 = Release|x86
		{9B26E416-2216-4281-A6E0-B514ADC52C1D}.Debug|Any CPU.ActiveCfg = Debug|x86
		{9B26E416-2216-4281-A6E0-B514ADC52C1D}.Debug|ARM.ActiveCfg = Debug|ARM
		{9B26E416-2216-4281-A6E0-B514ADC52C1D}.Debug|ARM.Build.0 = Debug|ARM
		{9B26E416-2216-4281-A6E0-B514ADC52C1D}.Debug|ARM.Deploy.0 = Debug|ARM
		{9B26E416-2216-4281-A6E0-B514ADC52C1D}.Debug|ARM64.ActiveCfg = Debug|ARM64
		{9B26E416-2216-4281-A6E0-B514ADC52C1D}.Debug|ARM64.Build.0 = Debug|ARM64
		{9B26E416-2216-4281-A6E0-B514ADC52C1D}.Debug|ARM64.Deploy.0 = Debug|ARM64
		{9B26E416-2216-4281-A6E0-B514ADC52C1D}.Debug|x64.ActiveCfg = Debug|x64
		{9B26E416-2216-4281-A6E0-B514ADC52C1D}.Debug|x64.Build.0 = Debug|x64
		{9B26E416-2216-4281-A6E0-B514ADC52C1D}.Debug|x64.Deploy.0 = Debug|x64
		{9B26E416-2216-4281-A6E0-B514ADC52C1D}.Debug|x86.ActiveCfg = Debug|x86
		{9B26E416-2216-4281-A6E0-B514ADC52C1D}.Debug|x86.Build.0 = Debug|x86
		{9B26E416-2216-4281-A6E0-B514ADC52C1D}.Debug|x86.Deploy.0 = Debug|x86
		{9B26E416-2216-4281-A6E0-B514ADC52C1D}.Release|Any CPU.ActiveCfg = Release|x86
		{9B26E416-2216-4281-A6E0-B514ADC52C1D}.Release|ARM.ActiveCfg = Release|ARM
		{9B26E416-2216-4281-A6E0-B514ADC52C1D}.Release|ARM.Build.0 = Release|ARM
		{9B26E416-2216-4281-A6E0-B514ADC52C1D}.Release|ARM.Deploy.0 = Release|ARM
		{9B26E416-2216-4281-A6E0-B514ADC52C1D}.Release|ARM64.ActiveCfg = Release|ARM64
		{9B26E416-2216-4281-A6E0-B514ADC52C1D}.Release|ARM64.Build.0 = Release|ARM64
		{9B26E416-2216-4281-A6E0-B514ADC52C1D}.Release|ARM64.Deploy.0 = Release|ARM64
		{9B26E416-2216-4281-A6E0-B514ADC52C1D}.Release|x64.ActiveCfg = Release|x64
		{9B26E416-2216-4281-A6E0-B514ADC52C1D}.Release|x64.Build.0 = Release|x64
		{9B26E416-2216-4281-A6E0-B514ADC52C1D}.Release|x64.Deploy.0 = Release|x64
		{9B26E416-2216-4281-A6E0-B514ADC52C1D}.Release|x86.ActiveCfg = Release|x86
		{9B26E416-2216-4281-A6E0-B514ADC52C1D}.Release|x86.Build.0 = Release|x86
		{9B26E416-2216-4281-A6E0-B514ADC52C1D}.Release|x86.Deploy.0 = Release|x86
	EndGlobalSection
	GlobalSection(SolutionProperties) = preSolution
		HideSolutionNode = FALSE
	EndGlobalSection
	GlobalSection(NestedProjects) = preSolution
		{85B9B3A4-F6C9-4D16-A6A6-D096FE784BFC} = {52E0277D-0F4A-47FB-980E-830FDBCC42E8}
		{FC77102B-6837-412D-9099-3F9DF5E73D75} = {52E0277D-0F4A-47FB-980E-830FDBCC42E8}
		{6592E67D-A611-4643-B73F-3F1A7C1C5F50} = {52E0277D-0F4A-47FB-980E-830FDBCC42E8}
		{91418F88-D155-4C75-9F24-A894B94CB459} = {52E0277D-0F4A-47FB-980E-830FDBCC42E8}
		{A47BCAA0-A55F-4716-9363-483A8F519024} = {52E0277D-0F4A-47FB-980E-830FDBCC42E8}
		{EC91AC31-038B-412D-8E03-CC859A736E67} = {52E0277D-0F4A-47FB-980E-830FDBCC42E8}
	EndGlobalSection
	GlobalSection(ExtensibilityGlobals) = postSolution
		SolutionGuid = {477D8659-A905-437A-8BFC-4863568FD595}
	EndGlobalSection
EndGlobal
